// !$*UTF8*$!
{
	archiveVersion = 1;
	classes = {
	};
	objectVersion = 56;
	objects = {

/* Begin PBXBuildFile section */
		02473758296F5B1800FE2943 /* ProjectsListView.swift in Sources */ = {isa = PBXBuildFile; fileRef = 02473757296F5B1800FE2943 /* ProjectsListView.swift */; };
		02513BB4296DE56C00D28CDD /* ProjectPicker.swift in Sources */ = {isa = PBXBuildFile; fileRef = 02513BB3296DE56C00D28CDD /* ProjectPicker.swift */; };
		025EF4412970A2A300959F05 /* TaskDetailView.swift in Sources */ = {isa = PBXBuildFile; fileRef = 025EF4402970A2A300959F05 /* TaskDetailView.swift */; };
		025EF44329718CD500959F05 /* ProjectLabel.swift in Sources */ = {isa = PBXBuildFile; fileRef = 025EF44229718CD400959F05 /* ProjectLabel.swift */; };
		026ACB3C296DEBBC005C771C /* Color+UIKitColors.swift in Sources */ = {isa = PBXBuildFile; fileRef = 026ACB3B296DEBBC005C771C /* Color+UIKitColors.swift */; };
		0271BF2429745F27000A601D /* NSFetchRequest+Filter.swift in Sources */ = {isa = PBXBuildFile; fileRef = 0271BF2329745F27000A601D /* NSFetchRequest+Filter.swift */; };
		0271BF27297466C3000A601D /* TagPicker.swift in Sources */ = {isa = PBXBuildFile; fileRef = 0271BF26297466C3000A601D /* TagPicker.swift */; };
		0271BF2A2974738C000A601D /* THTag+CoreDataClass.swift in Sources */ = {isa = PBXBuildFile; fileRef = 0271BF282974738C000A601D /* THTag+CoreDataClass.swift */; };
		0271BF2D29747D4C000A601D /* FlexHStack.swift in Sources */ = {isa = PBXBuildFile; fileRef = 0271BF2C29747D4C000A601D /* FlexHStack.swift */; };
		029615E6295617920073E378 /* ProjectsTab.swift in Sources */ = {isa = PBXBuildFile; fileRef = 029615DD295617920073E378 /* ProjectsTab.swift */; };
		029615E7295617920073E378 /* String+Substring.swift in Sources */ = {isa = PBXBuildFile; fileRef = 029615DE295617920073E378 /* String+Substring.swift */; };
		029615E8295617930073E378 /* SimpleColorPicker.swift in Sources */ = {isa = PBXBuildFile; fileRef = 029615DF295617920073E378 /* SimpleColorPicker.swift */; };
		029615E9295617930073E378 /* THProject+CoreDataClass.swift in Sources */ = {isa = PBXBuildFile; fileRef = 029615E0295617920073E378 /* THProject+CoreDataClass.swift */; };
		029615EB295617930073E378 /* teha.xcdatamodeld in Sources */ = {isa = PBXBuildFile; fileRef = 029615E2295617920073E378 /* teha.xcdatamodeld */; };
		029615ED295617930073E378 /* ProjectEditView.swift in Sources */ = {isa = PBXBuildFile; fileRef = 029615E5295617920073E378 /* ProjectEditView.swift */; };
		029615F329561A280073E378 /* Navigation.swift in Sources */ = {isa = PBXBuildFile; fileRef = 029615F229561A280073E378 /* Navigation.swift */; };
		029E336829564E36004A2E12 /* TaskEditView.swift in Sources */ = {isa = PBXBuildFile; fileRef = 029E336729564E36004A2E12 /* TaskEditView.swift */; };
		029E336A295C45B6004A2E12 /* OptionalDatePicker.swift in Sources */ = {isa = PBXBuildFile; fileRef = 029E3369295C45B6004A2E12 /* OptionalDatePicker.swift */; };
		029E336D295DA8F6004A2E12 /* THTask+CoreDataClass.swift in Sources */ = {isa = PBXBuildFile; fileRef = 029E336B295DA8F6004A2E12 /* THTask+CoreDataClass.swift */; };
		02A5BAD129685703007AC6BE /* TextFieldMultiline.swift in Sources */ = {isa = PBXBuildFile; fileRef = 02A5BAD029685703007AC6BE /* TextFieldMultiline.swift */; };
		02A5BAEE296868A0007AC6BE /* Localizable.strings in Resources */ = {isa = PBXBuildFile; fileRef = 02A5BAF0296868A0007AC6BE /* Localizable.strings */; };
		02A5BAF6296876A1007AC6BE /* Localizable.stringsdict in Resources */ = {isa = PBXBuildFile; fileRef = 02A5BAF8296876A1007AC6BE /* Localizable.stringsdict */; };
		02C0DEDF2965BE520084D579 /* TasksTab.swift in Sources */ = {isa = PBXBuildFile; fileRef = 02C0DEDE2965BE520084D579 /* TasksTab.swift */; };
		02C0DEE12965C2FA0084D579 /* TasksFilterView.swift in Sources */ = {isa = PBXBuildFile; fileRef = 02C0DEE02965C2F90084D579 /* TasksFilterView.swift */; };
		02C0DEE32965C9C20084D579 /* TaskRowView.swift in Sources */ = {isa = PBXBuildFile; fileRef = 02C0DEE22965C9C20084D579 /* TaskRowView.swift */; };
		02C0DEE52965CAD30084D579 /* TasksListView.swift in Sources */ = {isa = PBXBuildFile; fileRef = 02C0DEE42965CAD30084D579 /* TasksListView.swift */; };
		02C6D687296CD4DF00FE1116 /* FormSheetNavigationBar.swift in Sources */ = {isa = PBXBuildFile; fileRef = 02C6D686296CD4DF00FE1116 /* FormSheetNavigationBar.swift */; };
		02CB75572955DE5E005F4D35 /* tehaApp.swift in Sources */ = {isa = PBXBuildFile; fileRef = 02CB75562955DE5E005F4D35 /* tehaApp.swift */; };
		02CB75592955DE5E005F4D35 /* Persistence.swift in Sources */ = {isa = PBXBuildFile; fileRef = 02CB75582955DE5E005F4D35 /* Persistence.swift */; };
		02CB755E2955DE5E005F4D35 /* ContentView.swift in Sources */ = {isa = PBXBuildFile; fileRef = 02CB755D2955DE5E005F4D35 /* ContentView.swift */; };
		02CB75602955DE5F005F4D35 /* Assets.xcassets in Resources */ = {isa = PBXBuildFile; fileRef = 02CB755F2955DE5F005F4D35 /* Assets.xcassets */; };
		02CB75642955DE60005F4D35 /* Preview Assets.xcassets in Resources */ = {isa = PBXBuildFile; fileRef = 02CB75632955DE60005F4D35 /* Preview Assets.xcassets */; };
		02E789192974B3C400F521D0 /* CGRect+Utils.swift in Sources */ = {isa = PBXBuildFile; fileRef = 02E789182974B3C400F521D0 /* CGRect+Utils.swift */; };
		02E7891B297545F300F521D0 /* TagCollection.swift in Sources */ = {isa = PBXBuildFile; fileRef = 02E7891A297545F300F521D0 /* TagCollection.swift */; };
		02E7891D29755BAD00F521D0 /* TaskProgressBar.swift in Sources */ = {isa = PBXBuildFile; fileRef = 02E7891C29755BAD00F521D0 /* TaskProgressBar.swift */; };
		0C041D1A2977143500E6A100 /* ReminderPicker.swift in Sources */ = {isa = PBXBuildFile; fileRef = 0C041D192977143500E6A100 /* ReminderPicker.swift */; };
		0C041D1C2977163500E6A100 /* ReminderOffset.swift in Sources */ = {isa = PBXBuildFile; fileRef = 0C041D1B2977163500E6A100 /* ReminderOffset.swift */; };
		0CDD6B1729759786006F4B95 /* LocalNotification.swift in Sources */ = {isa = PBXBuildFile; fileRef = 0CDD6B1629759786006F4B95 /* LocalNotification.swift */; };
		921B56A129708B3600F5518F /* PriorityPicker.swift in Sources */ = {isa = PBXBuildFile; fileRef = 921B56A029708B3600F5518F /* PriorityPicker.swift */; };
		926AC4FF297057BD00F3889D /* TasksFilterViewModel.swift in Sources */ = {isa = PBXBuildFile; fileRef = 926AC4FE297057BD00F3889D /* TasksFilterViewModel.swift */; };
		A85AAA97296D92480078BA2D /* SettingsTab.swift in Sources */ = {isa = PBXBuildFile; fileRef = A85AAA96296D92480078BA2D /* SettingsTab.swift */; };
		A85AAA99296D9C6B0078BA2D /* CGColor+Hex.swift in Sources */ = {isa = PBXBuildFile; fileRef = A85AAA98296D9C6B0078BA2D /* CGColor+Hex.swift */; };
/* End PBXBuildFile section */

/* Begin PBXFileReference section */
		02473757296F5B1800FE2943 /* ProjectsListView.swift */ = {isa = PBXFileReference; lastKnownFileType = sourcecode.swift; path = ProjectsListView.swift; sourceTree = "<group>"; };
		02513BB3296DE56C00D28CDD /* ProjectPicker.swift */ = {isa = PBXFileReference; lastKnownFileType = sourcecode.swift; path = ProjectPicker.swift; sourceTree = "<group>"; };
		025EF4402970A2A300959F05 /* TaskDetailView.swift */ = {isa = PBXFileReference; lastKnownFileType = sourcecode.swift; path = TaskDetailView.swift; sourceTree = "<group>"; };
		025EF44229718CD400959F05 /* ProjectLabel.swift */ = {isa = PBXFileReference; lastKnownFileType = sourcecode.swift; path = ProjectLabel.swift; sourceTree = "<group>"; };
		026ACB3B296DEBBC005C771C /* Color+UIKitColors.swift */ = {isa = PBXFileReference; lastKnownFileType = sourcecode.swift; path = "Color+UIKitColors.swift"; sourceTree = "<group>"; };
		0271BF2329745F27000A601D /* NSFetchRequest+Filter.swift */ = {isa = PBXFileReference; lastKnownFileType = sourcecode.swift; path = "NSFetchRequest+Filter.swift"; sourceTree = "<group>"; };
		0271BF26297466C3000A601D /* TagPicker.swift */ = {isa = PBXFileReference; lastKnownFileType = sourcecode.swift; path = TagPicker.swift; sourceTree = "<group>"; };
		0271BF282974738C000A601D /* THTag+CoreDataClass.swift */ = {isa = PBXFileReference; lastKnownFileType = sourcecode.swift; path = "THTag+CoreDataClass.swift"; sourceTree = "<group>"; };
		0271BF2C29747D4C000A601D /* FlexHStack.swift */ = {isa = PBXFileReference; lastKnownFileType = sourcecode.swift; path = FlexHStack.swift; sourceTree = "<group>"; };
		029615DD295617920073E378 /* ProjectsTab.swift */ = {isa = PBXFileReference; fileEncoding = 4; lastKnownFileType = sourcecode.swift; path = ProjectsTab.swift; sourceTree = "<group>"; };
		029615DE295617920073E378 /* String+Substring.swift */ = {isa = PBXFileReference; fileEncoding = 4; lastKnownFileType = sourcecode.swift; path = "String+Substring.swift"; sourceTree = "<group>"; };
		029615DF295617920073E378 /* SimpleColorPicker.swift */ = {isa = PBXFileReference; fileEncoding = 4; lastKnownFileType = sourcecode.swift; path = SimpleColorPicker.swift; sourceTree = "<group>"; };
		029615E0295617920073E378 /* THProject+CoreDataClass.swift */ = {isa = PBXFileReference; fileEncoding = 4; lastKnownFileType = sourcecode.swift; path = "THProject+CoreDataClass.swift"; sourceTree = "<group>"; };
		029615E3295617920073E378 /* teha.xcdatamodel */ = {isa = PBXFileReference; lastKnownFileType = wrapper.xcdatamodel; path = teha.xcdatamodel; sourceTree = "<group>"; };
		029615E5295617920073E378 /* ProjectEditView.swift */ = {isa = PBXFileReference; fileEncoding = 4; lastKnownFileType = sourcecode.swift; path = ProjectEditView.swift; sourceTree = "<group>"; };
		029615F229561A280073E378 /* Navigation.swift */ = {isa = PBXFileReference; lastKnownFileType = sourcecode.swift; path = Navigation.swift; sourceTree = "<group>"; };
		029E336729564E36004A2E12 /* TaskEditView.swift */ = {isa = PBXFileReference; lastKnownFileType = sourcecode.swift; path = TaskEditView.swift; sourceTree = "<group>"; };
		029E3369295C45B6004A2E12 /* OptionalDatePicker.swift */ = {isa = PBXFileReference; lastKnownFileType = sourcecode.swift; path = OptionalDatePicker.swift; sourceTree = "<group>"; };
		029E336B295DA8F6004A2E12 /* THTask+CoreDataClass.swift */ = {isa = PBXFileReference; lastKnownFileType = sourcecode.swift; path = "THTask+CoreDataClass.swift"; sourceTree = "<group>"; };
		02A5BAD029685703007AC6BE /* TextFieldMultiline.swift */ = {isa = PBXFileReference; lastKnownFileType = sourcecode.swift; path = TextFieldMultiline.swift; sourceTree = "<group>"; };
		02A5BAEF296868A0007AC6BE /* de */ = {isa = PBXFileReference; lastKnownFileType = text.plist.strings; name = de; path = de.lproj/Localizable.strings; sourceTree = "<group>"; };
		02A5BAF1296868A7007AC6BE /* en */ = {isa = PBXFileReference; lastKnownFileType = text.plist.strings; name = en; path = en.lproj/Localizable.strings; sourceTree = "<group>"; };
		02A5BAF7296876A1007AC6BE /* en */ = {isa = PBXFileReference; lastKnownFileType = text.plist.stringsdict; name = en; path = en.lproj/Localizable.stringsdict; sourceTree = "<group>"; };
		02A5BAF9296876A5007AC6BE /* de */ = {isa = PBXFileReference; lastKnownFileType = text.plist.stringsdict; name = de; path = de.lproj/Localizable.stringsdict; sourceTree = "<group>"; };
		02C0DEDE2965BE520084D579 /* TasksTab.swift */ = {isa = PBXFileReference; lastKnownFileType = sourcecode.swift; path = TasksTab.swift; sourceTree = "<group>"; };
		02C0DEE02965C2F90084D579 /* TasksFilterView.swift */ = {isa = PBXFileReference; lastKnownFileType = sourcecode.swift; path = TasksFilterView.swift; sourceTree = "<group>"; };
		02C0DEE22965C9C20084D579 /* TaskRowView.swift */ = {isa = PBXFileReference; lastKnownFileType = sourcecode.swift; path = TaskRowView.swift; sourceTree = "<group>"; };
		02C0DEE42965CAD30084D579 /* TasksListView.swift */ = {isa = PBXFileReference; lastKnownFileType = sourcecode.swift; path = TasksListView.swift; sourceTree = "<group>"; };
		02C6D686296CD4DF00FE1116 /* FormSheetNavigationBar.swift */ = {isa = PBXFileReference; lastKnownFileType = sourcecode.swift; path = FormSheetNavigationBar.swift; sourceTree = "<group>"; };
		02CB75532955DE5E005F4D35 /* teha.app */ = {isa = PBXFileReference; explicitFileType = wrapper.application; includeInIndex = 0; path = teha.app; sourceTree = BUILT_PRODUCTS_DIR; };
		02CB75562955DE5E005F4D35 /* tehaApp.swift */ = {isa = PBXFileReference; lastKnownFileType = sourcecode.swift; path = tehaApp.swift; sourceTree = "<group>"; };
		02CB75582955DE5E005F4D35 /* Persistence.swift */ = {isa = PBXFileReference; lastKnownFileType = sourcecode.swift; path = Persistence.swift; sourceTree = "<group>"; };
		02CB755D2955DE5E005F4D35 /* ContentView.swift */ = {isa = PBXFileReference; lastKnownFileType = sourcecode.swift; path = ContentView.swift; sourceTree = "<group>"; };
		02CB755F2955DE5F005F4D35 /* Assets.xcassets */ = {isa = PBXFileReference; lastKnownFileType = folder.assetcatalog; path = Assets.xcassets; sourceTree = "<group>"; };
		02CB75612955DE60005F4D35 /* teha.entitlements */ = {isa = PBXFileReference; lastKnownFileType = text.plist.entitlements; path = teha.entitlements; sourceTree = "<group>"; };
		02CB75632955DE60005F4D35 /* Preview Assets.xcassets */ = {isa = PBXFileReference; lastKnownFileType = folder.assetcatalog; path = "Preview Assets.xcassets"; sourceTree = "<group>"; };
		02E789182974B3C400F521D0 /* CGRect+Utils.swift */ = {isa = PBXFileReference; lastKnownFileType = sourcecode.swift; path = "CGRect+Utils.swift"; sourceTree = "<group>"; };
		02E7891A297545F300F521D0 /* TagCollection.swift */ = {isa = PBXFileReference; lastKnownFileType = sourcecode.swift; path = TagCollection.swift; sourceTree = "<group>"; };
		02E7891C29755BAD00F521D0 /* TaskProgressBar.swift */ = {isa = PBXFileReference; lastKnownFileType = sourcecode.swift; path = TaskProgressBar.swift; sourceTree = "<group>"; };
		0C041D192977143500E6A100 /* ReminderPicker.swift */ = {isa = PBXFileReference; lastKnownFileType = sourcecode.swift; path = ReminderPicker.swift; sourceTree = "<group>"; };
		0C041D1B2977163500E6A100 /* ReminderOffset.swift */ = {isa = PBXFileReference; lastKnownFileType = sourcecode.swift; path = ReminderOffset.swift; sourceTree = "<group>"; };
		0CDD6B1629759786006F4B95 /* LocalNotification.swift */ = {isa = PBXFileReference; fileEncoding = 4; lastKnownFileType = sourcecode.swift; path = LocalNotification.swift; sourceTree = "<group>"; };
		921B56A029708B3600F5518F /* PriorityPicker.swift */ = {isa = PBXFileReference; lastKnownFileType = sourcecode.swift; path = PriorityPicker.swift; sourceTree = "<group>"; };
		926AC4FE297057BD00F3889D /* TasksFilterViewModel.swift */ = {isa = PBXFileReference; lastKnownFileType = sourcecode.swift; path = TasksFilterViewModel.swift; sourceTree = "<group>"; };
		A85AAA96296D92480078BA2D /* SettingsTab.swift */ = {isa = PBXFileReference; lastKnownFileType = sourcecode.swift; path = SettingsTab.swift; sourceTree = "<group>"; };
		A85AAA98296D9C6B0078BA2D /* CGColor+Hex.swift */ = {isa = PBXFileReference; lastKnownFileType = sourcecode.swift; path = "CGColor+Hex.swift"; sourceTree = "<group>"; };
/* End PBXFileReference section */

/* Begin PBXFrameworksBuildPhase section */
		02CB75502955DE5E005F4D35 /* Frameworks */ = {
			isa = PBXFrameworksBuildPhase;
			buildActionMask = 2147483647;
			files = (
			);
			runOnlyForDeploymentPostprocessing = 0;
		};
/* End PBXFrameworksBuildPhase section */

/* Begin PBXGroup section */
		0271BF2529746424000A601D /* Tags */ = {
			isa = PBXGroup;
			children = (
				0271BF26297466C3000A601D /* TagPicker.swift */,
				02E7891A297545F300F521D0 /* TagCollection.swift */,
			);
			path = Tags;
			sourceTree = "<group>";
		};
		029615EE295617970073E378 /* Project */ = {
			isa = PBXGroup;
			children = (
				029615DD295617920073E378 /* ProjectsTab.swift */,
				02473757296F5B1800FE2943 /* ProjectsListView.swift */,
				029615E5295617920073E378 /* ProjectEditView.swift */,
				02513BB3296DE56C00D28CDD /* ProjectPicker.swift */,
				025EF44229718CD400959F05 /* ProjectLabel.swift */,
			);
			path = Project;
			sourceTree = "<group>";
		};
		029615EF2956179F0073E378 /* Utils */ = {
			isa = PBXGroup;
			children = (
				029615DE295617920073E378 /* String+Substring.swift */,
				A85AAA98296D9C6B0078BA2D /* CGColor+Hex.swift */,
				026ACB3B296DEBBC005C771C /* Color+UIKitColors.swift */,
				0271BF2329745F27000A601D /* NSFetchRequest+Filter.swift */,
				02E789182974B3C400F521D0 /* CGRect+Utils.swift */,
			);
			path = Utils;
			sourceTree = "<group>";
		};
		029615F0295617A50073E378 /* Base */ = {
			isa = PBXGroup;
			children = (
				0CDD6B1629759786006F4B95 /* LocalNotification.swift */,
				029615DF295617920073E378 /* SimpleColorPicker.swift */,
				029615F229561A280073E378 /* Navigation.swift */,
				029E3369295C45B6004A2E12 /* OptionalDatePicker.swift */,
				02A5BAD029685703007AC6BE /* TextFieldMultiline.swift */,
				02C6D686296CD4DF00FE1116 /* FormSheetNavigationBar.swift */,
				921B56A029708B3600F5518F /* PriorityPicker.swift */,
				0271BF2C29747D4C000A601D /* FlexHStack.swift */,
			);
			path = Base;
			sourceTree = "<group>";
		};
		029615F1295617B00073E378 /* Model */ = {
			isa = PBXGroup;
			children = (
				029615E2295617920073E378 /* teha.xcdatamodeld */,
				029615E0295617920073E378 /* THProject+CoreDataClass.swift */,
				029E336B295DA8F6004A2E12 /* THTask+CoreDataClass.swift */,
				0271BF282974738C000A601D /* THTag+CoreDataClass.swift */,
				0C041D1B2977163500E6A100 /* ReminderOffset.swift */,
			);
			path = Model;
			sourceTree = "<group>";
		};
		029E336629564E1E004A2E12 /* Tasks */ = {
			isa = PBXGroup;
			children = (
				02C0DEDE2965BE520084D579 /* TasksTab.swift */,
				02C0DEE42965CAD30084D579 /* TasksListView.swift */,
				02C0DEE22965C9C20084D579 /* TaskRowView.swift */,
				025EF4402970A2A300959F05 /* TaskDetailView.swift */,
				02E7891C29755BAD00F521D0 /* TaskProgressBar.swift */,
				029E336729564E36004A2E12 /* TaskEditView.swift */,
				02C0DEE02965C2F90084D579 /* TasksFilterView.swift */,
				926AC4FE297057BD00F3889D /* TasksFilterViewModel.swift */,
				0C041D192977143500E6A100 /* ReminderPicker.swift */,
			);
			path = Tasks;
			sourceTree = "<group>";
		};
		02A5BAD229686198007AC6BE /* Localization */ = {
			isa = PBXGroup;
			children = (
				02A5BAF0296868A0007AC6BE /* Localizable.strings */,
				02A5BAF8296876A1007AC6BE /* Localizable.stringsdict */,
			);
			path = Localization;
			sourceTree = "<group>";
		};
		02CB754A2955DE5D005F4D35 = {
			isa = PBXGroup;
			children = (
				02CB75552955DE5E005F4D35 /* teha */,
				02CB75542955DE5E005F4D35 /* Products */,
			);
			sourceTree = "<group>";
		};
		02CB75542955DE5E005F4D35 /* Products */ = {
			isa = PBXGroup;
			children = (
				02CB75532955DE5E005F4D35 /* teha.app */,
			);
			name = Products;
			sourceTree = "<group>";
		};
		02CB75552955DE5E005F4D35 /* teha */ = {
			isa = PBXGroup;
			children = (
				02A5BAD229686198007AC6BE /* Localization */,
				029615F1295617B00073E378 /* Model */,
				029615F0295617A50073E378 /* Base */,
				029615EF2956179F0073E378 /* Utils */,
				029615EE295617970073E378 /* Project */,
				029E336629564E1E004A2E12 /* Tasks */,
				0271BF2529746424000A601D /* Tags */,
				A85AAA95296D92050078BA2D /* Settings */,
				02CB75562955DE5E005F4D35 /* tehaApp.swift */,
				02CB75582955DE5E005F4D35 /* Persistence.swift */,
				02CB755D2955DE5E005F4D35 /* ContentView.swift */,
				02CB755F2955DE5F005F4D35 /* Assets.xcassets */,
				02CB75612955DE60005F4D35 /* teha.entitlements */,
				02CB75622955DE60005F4D35 /* Preview Content */,
			);
			path = teha;
			sourceTree = "<group>";
		};
		02CB75622955DE60005F4D35 /* Preview Content */ = {
			isa = PBXGroup;
			children = (
				02CB75632955DE60005F4D35 /* Preview Assets.xcassets */,
			);
			path = "Preview Content";
			sourceTree = "<group>";
		};
		A85AAA95296D92050078BA2D /* Settings */ = {
			isa = PBXGroup;
			children = (
				A85AAA96296D92480078BA2D /* SettingsTab.swift */,
			);
			path = Settings;
			sourceTree = "<group>";
		};
/* End PBXGroup section */

/* Begin PBXNativeTarget section */
		02CB75522955DE5E005F4D35 /* teha */ = {
			isa = PBXNativeTarget;
			buildConfigurationList = 02CB75672955DE60005F4D35 /* Build configuration list for PBXNativeTarget "teha" */;
			buildPhases = (
				02CB754F2955DE5E005F4D35 /* Sources */,
				02CB75502955DE5E005F4D35 /* Frameworks */,
				02CB75512955DE5E005F4D35 /* Resources */,
			);
			buildRules = (
			);
			dependencies = (
			);
			name = teha;
			productName = teha;
			productReference = 02CB75532955DE5E005F4D35 /* teha.app */;
			productType = "com.apple.product-type.application";
		};
/* End PBXNativeTarget section */

/* Begin PBXProject section */
		02CB754B2955DE5D005F4D35 /* Project object */ = {
			isa = PBXProject;
			attributes = {
				BuildIndependentTargetsInParallel = 1;
				LastSwiftUpdateCheck = 1410;
				LastUpgradeCheck = 1420;
				TargetAttributes = {
					02CB75522955DE5E005F4D35 = {
						CreatedOnToolsVersion = 14.1;
					};
				};
			};
			buildConfigurationList = 02CB754E2955DE5D005F4D35 /* Build configuration list for PBXProject "teha" */;
			compatibilityVersion = "Xcode 14.0";
			developmentRegion = en;
			hasScannedForEncodings = 0;
			knownRegions = (
				en,
				Base,
				de,
			);
			mainGroup = 02CB754A2955DE5D005F4D35;
			productRefGroup = 02CB75542955DE5E005F4D35 /* Products */;
			projectDirPath = "";
			projectRoot = "";
			targets = (
				02CB75522955DE5E005F4D35 /* teha */,
			);
		};
/* End PBXProject section */

/* Begin PBXResourcesBuildPhase section */
		02CB75512955DE5E005F4D35 /* Resources */ = {
			isa = PBXResourcesBuildPhase;
			buildActionMask = 2147483647;
			files = (
				02CB75642955DE60005F4D35 /* Preview Assets.xcassets in Resources */,
				02A5BAF6296876A1007AC6BE /* Localizable.stringsdict in Resources */,
				02A5BAEE296868A0007AC6BE /* Localizable.strings in Resources */,
				02CB75602955DE5F005F4D35 /* Assets.xcassets in Resources */,
			);
			runOnlyForDeploymentPostprocessing = 0;
		};
/* End PBXResourcesBuildPhase section */

/* Begin PBXSourcesBuildPhase section */
		02CB754F2955DE5E005F4D35 /* Sources */ = {
			isa = PBXSourcesBuildPhase;
			buildActionMask = 2147483647;
			files = (
				025EF44329718CD500959F05 /* ProjectLabel.swift in Sources */,
				A85AAA97296D92480078BA2D /* SettingsTab.swift in Sources */,
				02CB75572955DE5E005F4D35 /* tehaApp.swift in Sources */,
				02CB755E2955DE5E005F4D35 /* ContentView.swift in Sources */,
				02473758296F5B1800FE2943 /* ProjectsListView.swift in Sources */,
				A85AAA99296D9C6B0078BA2D /* CGColor+Hex.swift in Sources */,
				0271BF2D29747D4C000A601D /* FlexHStack.swift in Sources */,
				029E336D295DA8F6004A2E12 /* THTask+CoreDataClass.swift in Sources */,
				0C041D1A2977143500E6A100 /* ReminderPicker.swift in Sources */,
				02E7891B297545F300F521D0 /* TagCollection.swift in Sources */,
				02A5BAD129685703007AC6BE /* TextFieldMultiline.swift in Sources */,
				02CB75592955DE5E005F4D35 /* Persistence.swift in Sources */,
				02513BB4296DE56C00D28CDD /* ProjectPicker.swift in Sources */,
				029615F329561A280073E378 /* Navigation.swift in Sources */,
				0C041D1C2977163500E6A100 /* ReminderOffset.swift in Sources */,
				926AC4FF297057BD00F3889D /* TasksFilterViewModel.swift in Sources */,
				02E7891D29755BAD00F521D0 /* TaskProgressBar.swift in Sources */,
				02C0DEE52965CAD30084D579 /* TasksListView.swift in Sources */,
				029615EB295617930073E378 /* teha.xcdatamodeld in Sources */,
				0271BF27297466C3000A601D /* TagPicker.swift in Sources */,
				921B56A129708B3600F5518F /* PriorityPicker.swift in Sources */,
				02E789192974B3C400F521D0 /* CGRect+Utils.swift in Sources */,
				029615E9295617930073E378 /* THProject+CoreDataClass.swift in Sources */,
				02C0DEE12965C2FA0084D579 /* TasksFilterView.swift in Sources */,
				026ACB3C296DEBBC005C771C /* Color+UIKitColors.swift in Sources */,
				029615E8295617930073E378 /* SimpleColorPicker.swift in Sources */,
				029E336A295C45B6004A2E12 /* OptionalDatePicker.swift in Sources */,
				029615E7295617920073E378 /* String+Substring.swift in Sources */,
				0271BF2A2974738C000A601D /* THTag+CoreDataClass.swift in Sources */,
				02C0DEDF2965BE520084D579 /* TasksTab.swift in Sources */,
				025EF4412970A2A300959F05 /* TaskDetailView.swift in Sources */,
				029E336829564E36004A2E12 /* TaskEditView.swift in Sources */,
				02C0DEE32965C9C20084D579 /* TaskRowView.swift in Sources */,
				02C6D687296CD4DF00FE1116 /* FormSheetNavigationBar.swift in Sources */,
				0CDD6B1729759786006F4B95 /* LocalNotification.swift in Sources */,
				029615E6295617920073E378 /* ProjectsTab.swift in Sources */,
				0271BF2429745F27000A601D /* NSFetchRequest+Filter.swift in Sources */,
				029615ED295617930073E378 /* ProjectEditView.swift in Sources */,
			);
			runOnlyForDeploymentPostprocessing = 0;
		};
/* End PBXSourcesBuildPhase section */

/* Begin PBXVariantGroup section */
		02A5BAF0296868A0007AC6BE /* Localizable.strings */ = {
			isa = PBXVariantGroup;
			children = (
				02A5BAEF296868A0007AC6BE /* de */,
				02A5BAF1296868A7007AC6BE /* en */,
			);
			name = Localizable.strings;
			sourceTree = "<group>";
		};
		02A5BAF8296876A1007AC6BE /* Localizable.stringsdict */ = {
			isa = PBXVariantGroup;
			children = (
				02A5BAF7296876A1007AC6BE /* en */,
				02A5BAF9296876A5007AC6BE /* de */,
			);
			name = Localizable.stringsdict;
			sourceTree = "<group>";
		};
/* End PBXVariantGroup section */

/* Begin XCBuildConfiguration section */
		02CB75652955DE60005F4D35 /* Debug */ = {
			isa = XCBuildConfiguration;
			buildSettings = {
				ALWAYS_SEARCH_USER_PATHS = NO;
				CLANG_ANALYZER_LOCALIZABILITY_NONLOCALIZED = YES;
				CLANG_ANALYZER_NONNULL = YES;
				CLANG_ANALYZER_NUMBER_OBJECT_CONVERSION = YES_AGGRESSIVE;
				CLANG_CXX_LANGUAGE_STANDARD = "gnu++20";
				CLANG_ENABLE_MODULES = YES;
				CLANG_ENABLE_OBJC_ARC = YES;
				CLANG_ENABLE_OBJC_WEAK = YES;
				CLANG_WARN_BLOCK_CAPTURE_AUTORELEASING = YES;
				CLANG_WARN_BOOL_CONVERSION = YES;
				CLANG_WARN_COMMA = YES;
				CLANG_WARN_CONSTANT_CONVERSION = YES;
				CLANG_WARN_DEPRECATED_OBJC_IMPLEMENTATIONS = YES;
				CLANG_WARN_DIRECT_OBJC_ISA_USAGE = YES_ERROR;
				CLANG_WARN_DOCUMENTATION_COMMENTS = YES;
				CLANG_WARN_EMPTY_BODY = YES;
				CLANG_WARN_ENUM_CONVERSION = YES;
				CLANG_WARN_INFINITE_RECURSION = YES;
				CLANG_WARN_INT_CONVERSION = YES;
				CLANG_WARN_NON_LITERAL_NULL_CONVERSION = YES;
				CLANG_WARN_OBJC_IMPLICIT_RETAIN_SELF = YES;
				CLANG_WARN_OBJC_LITERAL_CONVERSION = YES;
				CLANG_WARN_OBJC_ROOT_CLASS = YES_ERROR;
				CLANG_WARN_QUOTED_INCLUDE_IN_FRAMEWORK_HEADER = YES;
				CLANG_WARN_RANGE_LOOP_ANALYSIS = YES;
				CLANG_WARN_STRICT_PROTOTYPES = YES;
				CLANG_WARN_SUSPICIOUS_MOVE = YES;
				CLANG_WARN_UNGUARDED_AVAILABILITY = YES_AGGRESSIVE;
				CLANG_WARN_UNREACHABLE_CODE = YES;
				CLANG_WARN__DUPLICATE_METHOD_MATCH = YES;
				COPY_PHASE_STRIP = NO;
				DEAD_CODE_STRIPPING = YES;
				DEBUG_INFORMATION_FORMAT = dwarf;
				ENABLE_STRICT_OBJC_MSGSEND = YES;
				ENABLE_TESTABILITY = YES;
				GCC_C_LANGUAGE_STANDARD = gnu11;
				GCC_DYNAMIC_NO_PIC = NO;
				GCC_NO_COMMON_BLOCKS = YES;
				GCC_OPTIMIZATION_LEVEL = 0;
				GCC_PREPROCESSOR_DEFINITIONS = (
					"DEBUG=1",
					"$(inherited)",
				);
				GCC_WARN_64_TO_32_BIT_CONVERSION = YES;
				GCC_WARN_ABOUT_RETURN_TYPE = YES_ERROR;
				GCC_WARN_UNDECLARED_SELECTOR = YES;
				GCC_WARN_UNINITIALIZED_AUTOS = YES_AGGRESSIVE;
				GCC_WARN_UNUSED_FUNCTION = YES;
				GCC_WARN_UNUSED_VARIABLE = YES;
				IPHONEOS_DEPLOYMENT_TARGET = 16.1;
				MTL_ENABLE_DEBUG_INFO = INCLUDE_SOURCE;
				MTL_FAST_MATH = YES;
				ONLY_ACTIVE_ARCH = YES;
				SWIFT_ACTIVE_COMPILATION_CONDITIONS = DEBUG;
				SWIFT_OPTIMIZATION_LEVEL = "-Onone";
			};
			name = Debug;
		};
		02CB75662955DE60005F4D35 /* Release */ = {
			isa = XCBuildConfiguration;
			buildSettings = {
				ALWAYS_SEARCH_USER_PATHS = NO;
				CLANG_ANALYZER_LOCALIZABILITY_NONLOCALIZED = YES;
				CLANG_ANALYZER_NONNULL = YES;
				CLANG_ANALYZER_NUMBER_OBJECT_CONVERSION = YES_AGGRESSIVE;
				CLANG_CXX_LANGUAGE_STANDARD = "gnu++20";
				CLANG_ENABLE_MODULES = YES;
				CLANG_ENABLE_OBJC_ARC = YES;
				CLANG_ENABLE_OBJC_WEAK = YES;
				CLANG_WARN_BLOCK_CAPTURE_AUTORELEASING = YES;
				CLANG_WARN_BOOL_CONVERSION = YES;
				CLANG_WARN_COMMA = YES;
				CLANG_WARN_CONSTANT_CONVERSION = YES;
				CLANG_WARN_DEPRECATED_OBJC_IMPLEMENTATIONS = YES;
				CLANG_WARN_DIRECT_OBJC_ISA_USAGE = YES_ERROR;
				CLANG_WARN_DOCUMENTATION_COMMENTS = YES;
				CLANG_WARN_EMPTY_BODY = YES;
				CLANG_WARN_ENUM_CONVERSION = YES;
				CLANG_WARN_INFINITE_RECURSION = YES;
				CLANG_WARN_INT_CONVERSION = YES;
				CLANG_WARN_NON_LITERAL_NULL_CONVERSION = YES;
				CLANG_WARN_OBJC_IMPLICIT_RETAIN_SELF = YES;
				CLANG_WARN_OBJC_LITERAL_CONVERSION = YES;
				CLANG_WARN_OBJC_ROOT_CLASS = YES_ERROR;
				CLANG_WARN_QUOTED_INCLUDE_IN_FRAMEWORK_HEADER = YES;
				CLANG_WARN_RANGE_LOOP_ANALYSIS = YES;
				CLANG_WARN_STRICT_PROTOTYPES = YES;
				CLANG_WARN_SUSPICIOUS_MOVE = YES;
				CLANG_WARN_UNGUARDED_AVAILABILITY = YES_AGGRESSIVE;
				CLANG_WARN_UNREACHABLE_CODE = YES;
				CLANG_WARN__DUPLICATE_METHOD_MATCH = YES;
				COPY_PHASE_STRIP = NO;
				DEAD_CODE_STRIPPING = YES;
				DEBUG_INFORMATION_FORMAT = "dwarf-with-dsym";
				ENABLE_NS_ASSERTIONS = NO;
				ENABLE_STRICT_OBJC_MSGSEND = YES;
				GCC_C_LANGUAGE_STANDARD = gnu11;
				GCC_NO_COMMON_BLOCKS = YES;
				GCC_WARN_64_TO_32_BIT_CONVERSION = YES;
				GCC_WARN_ABOUT_RETURN_TYPE = YES_ERROR;
				GCC_WARN_UNDECLARED_SELECTOR = YES;
				GCC_WARN_UNINITIALIZED_AUTOS = YES_AGGRESSIVE;
				GCC_WARN_UNUSED_FUNCTION = YES;
				GCC_WARN_UNUSED_VARIABLE = YES;
				IPHONEOS_DEPLOYMENT_TARGET = 16.1;
				MTL_ENABLE_DEBUG_INFO = NO;
				MTL_FAST_MATH = YES;
				SWIFT_COMPILATION_MODE = wholemodule;
				SWIFT_OPTIMIZATION_LEVEL = "-O";
			};
			name = Release;
		};
		02CB75682955DE60005F4D35 /* Debug */ = {
			isa = XCBuildConfiguration;
			buildSettings = {
				ASSETCATALOG_COMPILER_APPICON_NAME = AppIcon;
				ASSETCATALOG_COMPILER_GLOBAL_ACCENT_COLOR_NAME = AccentColor;
				CODE_SIGN_ENTITLEMENTS = teha/teha.entitlements;
				CODE_SIGN_IDENTITY = "-";
				"CODE_SIGN_IDENTITY[sdk=iphoneos*]" = "Apple Development";
				CODE_SIGN_STYLE = Automatic;
				CURRENT_PROJECT_VERSION = 1;
				DEAD_CODE_STRIPPING = YES;
				DEVELOPMENT_ASSET_PATHS = "\"teha/Preview Content\"";
				DEVELOPMENT_TEAM = HH633Q8BHZ;
				ENABLE_HARDENED_RUNTIME = YES;
				ENABLE_PREVIEWS = YES;
				GENERATE_INFOPLIST_FILE = YES;
				"INFOPLIST_KEY_UIApplicationSceneManifest_Generation[sdk=iphoneos*]" = YES;
				"INFOPLIST_KEY_UIApplicationSceneManifest_Generation[sdk=iphonesimulator*]" = YES;
				"INFOPLIST_KEY_UIApplicationSupportsIndirectInputEvents[sdk=iphoneos*]" = YES;
				"INFOPLIST_KEY_UIApplicationSupportsIndirectInputEvents[sdk=iphonesimulator*]" = YES;
				"INFOPLIST_KEY_UILaunchScreen_Generation[sdk=iphoneos*]" = YES;
				"INFOPLIST_KEY_UILaunchScreen_Generation[sdk=iphonesimulator*]" = YES;
				"INFOPLIST_KEY_UIStatusBarStyle[sdk=iphoneos*]" = UIStatusBarStyleDefault;
				"INFOPLIST_KEY_UIStatusBarStyle[sdk=iphonesimulator*]" = UIStatusBarStyleDefault;
				INFOPLIST_KEY_UISupportedInterfaceOrientations_iPad = "UIInterfaceOrientationPortrait UIInterfaceOrientationPortraitUpsideDown UIInterfaceOrientationLandscapeLeft UIInterfaceOrientationLandscapeRight";
				INFOPLIST_KEY_UISupportedInterfaceOrientations_iPhone = "UIInterfaceOrientationPortrait UIInterfaceOrientationLandscapeLeft UIInterfaceOrientationLandscapeRight";
				IPHONEOS_DEPLOYMENT_TARGET = 16.1;
				LD_RUNPATH_SEARCH_PATHS = "@executable_path/Frameworks";
				"LD_RUNPATH_SEARCH_PATHS[sdk=macosx*]" = "@executable_path/../Frameworks";
				MACOSX_DEPLOYMENT_TARGET = 13.0;
				MARKETING_VERSION = 1.0;
				PRODUCT_BUNDLE_IDENTIFIER = de.mludwig.teha;
				PRODUCT_NAME = "$(TARGET_NAME)";
				SDKROOT = auto;
				SUPPORTED_PLATFORMS = "iphoneos iphonesimulator";
				SUPPORTS_MACCATALYST = NO;
				SUPPORTS_MAC_DESIGNED_FOR_IPHONE_IPAD = NO;
				SWIFT_EMIT_LOC_STRINGS = YES;
				SWIFT_VERSION = 5.0;
				TARGETED_DEVICE_FAMILY = "1,2";
			};
			name = Debug;
		};
		02CB75692955DE60005F4D35 /* Release */ = {
			isa = XCBuildConfiguration;
			buildSettings = {
				ASSETCATALOG_COMPILER_APPICON_NAME = AppIcon;
				ASSETCATALOG_COMPILER_GLOBAL_ACCENT_COLOR_NAME = AccentColor;
				CODE_SIGN_ENTITLEMENTS = teha/teha.entitlements;
				CODE_SIGN_IDENTITY = "-";
				"CODE_SIGN_IDENTITY[sdk=iphoneos*]" = "Apple Development";
				CODE_SIGN_STYLE = Automatic;
				CURRENT_PROJECT_VERSION = 1;
				DEAD_CODE_STRIPPING = YES;
				DEVELOPMENT_ASSET_PATHS = "\"teha/Preview Content\"";
				DEVELOPMENT_TEAM = HH633Q8BHZ;
				ENABLE_HARDENED_RUNTIME = YES;
				ENABLE_PREVIEWS = YES;
				GENERATE_INFOPLIST_FILE = YES;
				"INFOPLIST_KEY_UIApplicationSceneManifest_Generation[sdk=iphoneos*]" = YES;
				"INFOPLIST_KEY_UIApplicationSceneManifest_Generation[sdk=iphonesimulator*]" = YES;
				"INFOPLIST_KEY_UIApplicationSupportsIndirectInputEvents[sdk=iphoneos*]" = YES;
				"INFOPLIST_KEY_UIApplicationSupportsIndirectInputEvents[sdk=iphonesimulator*]" = YES;
				"INFOPLIST_KEY_UILaunchScreen_Generation[sdk=iphoneos*]" = YES;
				"INFOPLIST_KEY_UILaunchScreen_Generation[sdk=iphonesimulator*]" = YES;
				"INFOPLIST_KEY_UIStatusBarStyle[sdk=iphoneos*]" = UIStatusBarStyleDefault;
				"INFOPLIST_KEY_UIStatusBarStyle[sdk=iphonesimulator*]" = UIStatusBarStyleDefault;
				INFOPLIST_KEY_UISupportedInterfaceOrientations_iPad = "UIInterfaceOrientationPortrait UIInterfaceOrientationPortraitUpsideDown UIInterfaceOrientationLandscapeLeft UIInterfaceOrientationLandscapeRight";
				INFOPLIST_KEY_UISupportedInterfaceOrientations_iPhone = "UIInterfaceOrientationPortrait UIInterfaceOrientationLandscapeLeft UIInterfaceOrientationLandscapeRight";
				IPHONEOS_DEPLOYMENT_TARGET = 16.1;
				LD_RUNPATH_SEARCH_PATHS = "@executable_path/Frameworks";
				"LD_RUNPATH_SEARCH_PATHS[sdk=macosx*]" = "@executable_path/../Frameworks";
				MACOSX_DEPLOYMENT_TARGET = 13.0;
				MARKETING_VERSION = 1.0;
				PRODUCT_BUNDLE_IDENTIFIER = de.mludwig.teha;
				PRODUCT_NAME = "$(TARGET_NAME)";
				SDKROOT = auto;
				SUPPORTED_PLATFORMS = "iphoneos iphonesimulator";
				SUPPORTS_MACCATALYST = NO;
				SUPPORTS_MAC_DESIGNED_FOR_IPHONE_IPAD = NO;
				SWIFT_EMIT_LOC_STRINGS = YES;
				SWIFT_VERSION = 5.0;
				TARGETED_DEVICE_FAMILY = "1,2";
			};
			name = Release;
		};
/* End XCBuildConfiguration section */

/* Begin XCConfigurationList section */
		02CB754E2955DE5D005F4D35 /* Build configuration list for PBXProject "teha" */ = {
			isa = XCConfigurationList;
			buildConfigurations = (
				02CB75652955DE60005F4D35 /* Debug */,
				02CB75662955DE60005F4D35 /* Release */,
			);
			defaultConfigurationIsVisible = 0;
			defaultConfigurationName = Release;
		};
		02CB75672955DE60005F4D35 /* Build configuration list for PBXNativeTarget "teha" */ = {
			isa = XCConfigurationList;
			buildConfigurations = (
				02CB75682955DE60005F4D35 /* Debug */,
				02CB75692955DE60005F4D35 /* Release */,
			);
			defaultConfigurationIsVisible = 0;
			defaultConfigurationName = Release;
		};
/* End XCConfigurationList section */

/* Begin XCVersionGroup section */
		029615E2295617920073E378 /* teha.xcdatamodeld */ = {
			isa = XCVersionGroup;
			children = (
				029615E3295617920073E378 /* teha.xcdatamodel */,
			);
			currentVersion = 029615E3295617920073E378 /* teha.xcdatamodel */;
			path = teha.xcdatamodeld;
			sourceTree = "<group>";
			versionGroupType = wrapper.xcdatamodel;
		};
/* End XCVersionGroup section */
	};
	rootObject = 02CB754B2955DE5D005F4D35 /* Project object */;
}
